// !$*UTF8*$!
{
	archiveVersion = 1;
	classes = {
	};
	objectVersion = 46;
	objects = {
/* Begin PBXBuildFile section */
		0207DA581B56EA530066E2B4 /* Images.xcassets in Resources */ = {isa = PBXBuildFile; fileRef = 0207DA571B56EA530066E2B4 /* Images.xcassets */; };
		09BEC7F43143400089B8C6CD /* Location.m in Sources */ = {isa = PBXBuildFile; fileRef = 99508CD88BF74A5D8D18EE38 /* Location.m */; };
		0B91B907B25245CEB0CA4EBA /* CDVReachability.m in Sources */ = {isa = PBXBuildFile; fileRef = AF78A125535F4F9480C34BBF /* CDVReachability.m */; };
		0D0892C56462411A97B3E405 /* LocationContract.m in Sources */ = {isa = PBXBuildFile; fileRef = 818BC9B814994B2EA104B03B /* LocationContract.m */; };
		0ED1194300534E81A4C699FB /* CDVSplashScreen.m in Sources */ = {isa = PBXBuildFile; fileRef = 22619B6A542A486A98C7B22C /* CDVSplashScreen.m */; };
		11885C97C5484947B69FF127 /* IonicKeyboard.m in Sources */ = {isa = PBXBuildFile; fileRef = F4F1B26D6C584ECAA50C5A53 /* IonicKeyboard.m */; };
		1D3623260D0F684500981E51 /* AppDelegate.m in Sources */ = {isa = PBXBuildFile; fileRef = 1D3623250D0F684500981E51 /* AppDelegate.m */; };
		1D60589B0D05DD56006BFB54 /* main.m in Sources */ = {isa = PBXBuildFile; fileRef = 29B97316FDCFA39411CA2CEA /* main.m */; };
		1E00ED25C644426DBA72F7CC /* CDVCamera.m in Sources */ = {isa = PBXBuildFile; fileRef = E37BE26F4F5743D59295C53C /* CDVCamera.m */; };
		1F12441330E34670BA6EFBEE /* FMDB.m in Sources */ = {isa = PBXBuildFile; fileRef = C2C7B787863741009FB8147E /* FMDB.m */; };
		1F3115E3383E4BA5AA9476A5 /* Toast+UIView.m in Sources */ = {isa = PBXBuildFile; fileRef = DDA0499980C44167B4686808 /* Toast+UIView.m */; };
		222F07BDD3F04A44AC71637D /* SystemConfiguration.framework in Frameworks */ = {isa = PBXBuildFile; fileRef = 72AA56AE965447BAA30A688D /* SystemConfiguration.framework */; };
		27D6806C4F6F46C493072916 /* CDVLocation.m in Sources */ = {isa = PBXBuildFile; fileRef = 39A63AE94CE24B45B4428E44 /* CDVLocation.m */; };
		28FBF2928C5A437BBFFC5FC4 /* CDVViewController+SplashScreen.m in Sources */ = {isa = PBXBuildFile; fileRef = 845E7DCE2B0F476BBFE314A0 /* CDVViewController+SplashScreen.m */; };
		2B66B2D262DA49FD925642C2 /* BackgroundTaskManager.m in Sources */ = {isa = PBXBuildFile; fileRef = 0236C00D5E3D4267818DC8C2 /* BackgroundTaskManager.m */; };
		301BF552109A68D80062928A /* libCordova.a in Frameworks */ = {isa = PBXBuildFile; fileRef = 301BF535109A57CC0062928A /* libCordova.a */; };
		302D95F114D2391D003F00A1 /* MainViewController.m in Sources */ = {isa = PBXBuildFile; fileRef = 302D95EF14D2391D003F00A1 /* MainViewController.m */; };
		302D95F214D2391D003F00A1 /* MainViewController.xib in Resources */ = {isa = PBXBuildFile; fileRef = 302D95F014D2391D003F00A1 /* MainViewController.xib */; };
		3461792009234CC19218AA6B /* CDVStatusBar.m in Sources */ = {isa = PBXBuildFile; fileRef = BA0D80EA9F2D46EB9E575EBD /* CDVStatusBar.m */; };
		3538F819E3A7432A90F7A5B4 /* CoreTelephony.framework in Frameworks */ = {isa = PBXBuildFile; fileRef = DA7C6473FD09474B875F266F /* CoreTelephony.framework */; };
		46B720183FC84BCA8A6A481E /* GeolocationOpenHelper.m in Sources */ = {isa = PBXBuildFile; fileRef = 40ED5023176E43D4A5FD265C /* GeolocationOpenHelper.m */; };
		48CFE357FB814AEC87864B8F /* UILocalNotification+APPLocalNotification.m in Sources */ = {isa = PBXBuildFile; fileRef = B58A79757FFA483091EE29FD /* UILocalNotification+APPLocalNotification.m */; };
		49FF49908D484F0E8E69AA6D /* sqlite3.c in Sources */ = {isa = PBXBuildFile; fileRef = 717A9F31BCB747F1A272AE97 /* sqlite3.c */; settings = {COMPILER_FLAGS = "-DSQLITE_TEMP_STORE=2 -DSQLITE_THREADSAFE=1 -DSQLITE_ENABLE_FTS3 -DSQLITE_ENABLE_FTS3_PARENTHESIS -DSQLITE_ENABLE_FTS4 -DSQLITE_ENABLE_RTREE  -DSQLITE_OMIT_BUILTIN_TEST -DSQLITE_OMIT_LOAD_EXTENSION -DSQLITE_DEFAULT_PAGE_SIZE=1024 -DSQLITE_DEFAULT_CACHE_SIZE=2000"; }; };
		4A2BE5D898C14678A0BE47D1 /* CocoaLumberjack.m in Sources */ = {isa = PBXBuildFile; fileRef = 19D18B9180D543A398550428 /* CocoaLumberjack.m */; };
		4D6ECD1B02A545F9B3597D46 /* SQLiteOpenHelper.m in Sources */ = {isa = PBXBuildFile; fileRef = 0130CFE719544935B4E5D88E /* SQLiteOpenHelper.m */; };
		5243B91C0E394751AB4CE0EF /* Social.framework in Frameworks */ = {isa = PBXBuildFile; fileRef = 9B11C5EA959F47BFBA27B323 /* Social.framework */; settings = {ATTRIBUTES = (Weak, ); }; };
		57A8AD141D8246E9AB759026 /* CDVJpegHeaderWriter.m in Sources */ = {isa = PBXBuildFile; fileRef = 9B92553C40C34142AA7564E5 /* CDVJpegHeaderWriter.m */; };
		5CAE925F6E394E5386FF18C7 /* CDVLogger.m in Sources */ = {isa = PBXBuildFile; fileRef = 9728B4FD111C40DCBEFF1608 /* CDVLogger.m */; };
		6AFF5BF91D6E424B00AB3073 /* CDVLaunchScreen.storyboard in Resources */ = {isa = PBXBuildFile; fileRef = 6AFF5BF81D6E424B00AB3073 /* CDVLaunchScreen.storyboard */; };
		6CCCEBE8348C4C45AE96C1F9 /* CDVConnection.m in Sources */ = {isa = PBXBuildFile; fileRef = E9A5C5FCD4674424AD213179 /* CDVConnection.m */; };
		6FF0C0FE2D3A44AB962D0B87 /* LocationManager.m in Sources */ = {isa = PBXBuildFile; fileRef = D6FEFBB2869940C78CAB5655 /* LocationManager.m */; };
		765AD552756B4E9AA76D2392 /* CDVLocalFilesystem.m in Sources */ = {isa = PBXBuildFile; fileRef = D9F744CE43E345818389224F /* CDVLocalFilesystem.m */; };
		7E3BAC4A64164D52B7D191F3 /* ImageIO.framework in Frameworks */ = {isa = PBXBuildFile; fileRef = 8C58E663A43A4D6E8351EA80 /* ImageIO.framework */; settings = {ATTRIBUTES = (Weak, ); }; };
		80D17840926845A9A2FB6825 /* SQLiteLocationDAO.m in Sources */ = {isa = PBXBuildFile; fileRef = 0374780F6C234025BB9DFB4E /* SQLiteLocationDAO.m */; };
		841691398DFC46DBBC09F340 /* FMDBLogger.m in Sources */ = {isa = PBXBuildFile; fileRef = 7EA0CB4A3A0845DFB50DAFD7 /* FMDBLogger.m */; };
		89B7690CDC3D43EAA13C6473 /* libsqlite3.dylib in Frameworks */ = {isa = PBXBuildFile; fileRef = F5AF297721684ADF839F312A /* libsqlite3.dylib */; settings = {ATTRIBUTES = (Weak, ); }; };
		8A4ADA28733B4D0A85187A4A /* UIImage+CropScaleOrientation.m in Sources */ = {isa = PBXBuildFile; fileRef = 2EFF8B3391DC4078953AD018 /* UIImage+CropScaleOrientation.m */; };
		8F417C09E036446BAA56C31C /* CDVFileTransfer.m in Sources */ = {isa = PBXBuildFile; fileRef = ED9D3DDD21C44A22AB6BBF45 /* CDVFileTransfer.m */; };
		9106208302754997A6A728A1 /* CDVFile.m in Sources */ = {isa = PBXBuildFile; fileRef = DE96B94D2EA74AE1BB30465A /* CDVFile.m */; };
		9915303AD400401D9109E55B /* AVFoundation.framework in Frameworks */ = {isa = PBXBuildFile; fileRef = ECAFB54771FD4633BD06AE70 /* AVFoundation.framework */; };
		A7C5C6AD5FB441F8B48F1BE3 /* CDVBackgroundGeolocation.m in Sources */ = {isa = PBXBuildFile; fileRef = 50370FF7FB6D42EC9176D035 /* CDVBackgroundGeolocation.m */; };
		AD1FCB069D5B4994AF3D4175 /* LocationUploader.m in Sources */ = {isa = PBXBuildFile; fileRef = 89741214DF3643059D047649 /* LocationUploader.m */; };
		AD86F80A64024027B0F18197 /* SQLiteHelper.m in Sources */ = {isa = PBXBuildFile; fileRef = 105891F868A54940ACC3C598 /* SQLiteHelper.m */; };
		B11750890C264C8E882F5A2B /* Logging.m in Sources */ = {isa = PBXBuildFile; fileRef = 1A2A9DE5BE14449B95344C40 /* Logging.m */; };
		B452682A2DD14EA0A37B2CBB /* AudioToolbox.framework in Frameworks */ = {isa = PBXBuildFile; fileRef = 9AF954C5B01E47109AD784B9 /* AudioToolbox.framework */; settings = {ATTRIBUTES = (Weak, ); }; };
		B5B5BDACEE03411C94C9FC02 /* APPLocalNotification.m in Sources */ = {isa = PBXBuildFile; fileRef = 61A8D00531D74FE1958434B1 /* APPLocalNotification.m */; };
		B6DA619CBCA9445DBD9F47BF /* UIApplication+APPLocalNotification.m in Sources */ = {isa = PBXBuildFile; fileRef = 3A7E5986B8644C0F9B55E74C /* UIApplication+APPLocalNotification.m */; };
		B919C8E6F0B2455684F68ABE /* CDVPlugin+APPAppEvent.m in Sources */ = {isa = PBXBuildFile; fileRef = 49E4BD34ACFE42E2937EED67 /* CDVPlugin+APPAppEvent.m */; };
		C6AF7BB0F4A245F089DC8C98 /* CDVDevice.m in Sources */ = {isa = PBXBuildFile; fileRef = 01B4C6CE913A40F0AD6AC1FC /* CDVDevice.m */; };
		D360095954864ED8A703E5B0 /* MessageUI.framework in Frameworks */ = {isa = PBXBuildFile; fileRef = 91E7F5C3174746C797350170 /* MessageUI.framework */; settings = {ATTRIBUTES = (Weak, ); }; };
		D537CE99B4494F1491F013D0 /* Config.m in Sources */ = {isa = PBXBuildFile; fileRef = B2A01974D5C347DBA430EBCF /* Config.m */; };
		D67BB978494B49D3A9F1A2A6 /* APPLocalNotificationOptions.m in Sources */ = {isa = PBXBuildFile; fileRef = 3E2AD3CC2B8D41F98B7847FF /* APPLocalNotificationOptions.m */; };
		DBE1577A91B146D3ACEC0A07 /* Reachability.m in Sources */ = {isa = PBXBuildFile; fileRef = 15D7A53AA844481C8601F209 /* Reachability.m */; };
		DBF8E05C6F2B4FF18491E5CE /* NSString+SSURLEncoding.m in Sources */ = {isa = PBXBuildFile; fileRef = E10EBE500B924485A76725BD /* NSString+SSURLEncoding.m */; };
		E0BAA5FFD72346DF9B015C52 /* AppDelegate+APPAppEvent.m in Sources */ = {isa = PBXBuildFile; fileRef = 24B3B38D432D44C6A2047B22 /* AppDelegate+APPAppEvent.m */; };
		E374944FF70443AE94F0676F /* Toast.m in Sources */ = {isa = PBXBuildFile; fileRef = 6413C97E300D40F0AE75BA6B /* Toast.m */; };
		E4162B799D3C45B5AE2BC84C /* QuartzCore.framework in Frameworks */ = {isa = PBXBuildFile; fileRef = B60075A95943445C88C944E2 /* QuartzCore.framework */; };
		E9BE2A72A4B146F9B8F25E4A /* CFCallNumber.m in Sources */ = {isa = PBXBuildFile; fileRef = 9E1FFFDE06BC41DC8221CBAC /* CFCallNumber.m */; };
		EE90D44CEED7431FAAD1CEF0 /* CDVAssetLibraryFilesystem.m in Sources */ = {isa = PBXBuildFile; fileRef = BC93EB83238743478F478791 /* CDVAssetLibraryFilesystem.m */; };
		F2C952AAE2714BA49BF2C6DE /* SocialSharing.m in Sources */ = {isa = PBXBuildFile; fileRef = 666081EBEB184DDEB276DE0B /* SocialSharing.m */; };
		F85497181D6C42C89C5A460F /* SQLitePlugin.m in Sources */ = {isa = PBXBuildFile; fileRef = 123B64FB0A6C4C529763749B /* SQLitePlugin.m */; };
		F991971FDAEA4CEF95DED81A /* CoreLocation.framework in Frameworks */ = {isa = PBXBuildFile; fileRef = 00C4920595504320BFD4B14F /* CoreLocation.framework */; };
/* End PBXBuildFile section */

/* Begin PBXContainerItemProxy section */
		301BF534109A57CC0062928A /* PBXContainerItemProxy */ = {
			isa = PBXContainerItemProxy;
			containerPortal = 301BF52D109A57CC0062928A /* CordovaLib.xcodeproj */;
			proxyType = 2;
			remoteGlobalIDString = D2AAC07E0554694100DB518D;
			remoteInfo = CordovaLib;
		};
		301BF550109A68C00062928A /* PBXContainerItemProxy */ = {
			isa = PBXContainerItemProxy;
			containerPortal = 301BF52D109A57CC0062928A /* CordovaLib.xcodeproj */;
			proxyType = 1;
			remoteGlobalIDString = D2AAC07D0554694100DB518D;
			remoteInfo = CordovaLib;
		};
/* End PBXContainerItemProxy section */

/* Begin PBXFileReference section */
		00C4920595504320BFD4B14F /* CoreLocation.framework */ = {isa = PBXFileReference; explicitFileType = undefined; fileEncoding = 9; includeInIndex = 0; lastKnownFileType = wrapper.framework; name = CoreLocation.framework; path = System/Library/Frameworks/CoreLocation.framework; sourceTree = SDKROOT; };
		0130CFE719544935B4E5D88E /* SQLiteOpenHelper.m */ = {isa = PBXFileReference; explicitFileType = undefined; fileEncoding = 4; includeInIndex = 0; lastKnownFileType = sourcecode.c.objc; name = SQLiteOpenHelper.m; path = "cordova-plugin-mauron85-background-geolocation/SQLiteOpenHelper.m"; sourceTree = "<group>"; };
		01B4C6CE913A40F0AD6AC1FC /* CDVDevice.m */ = {isa = PBXFileReference; explicitFileType = undefined; fileEncoding = 4; includeInIndex = 0; lastKnownFileType = sourcecode.c.objc; name = CDVDevice.m; path = "cordova-plugin-device/CDVDevice.m"; sourceTree = "<group>"; };
		0207DA571B56EA530066E2B4 /* Images.xcassets */ = {isa = PBXFileReference; lastKnownFileType = folder.assetcatalog; name = Images.xcassets; path = ProjetVP/Images.xcassets; sourceTree = SOURCE_ROOT; };
		0236C00D5E3D4267818DC8C2 /* BackgroundTaskManager.m */ = {isa = PBXFileReference; explicitFileType = undefined; fileEncoding = 4; includeInIndex = 0; lastKnownFileType = sourcecode.c.objc; name = BackgroundTaskManager.m; path = "cordova-plugin-mauron85-background-geolocation/BackgroundTaskManager.m"; sourceTree = "<group>"; };
		0374780F6C234025BB9DFB4E /* SQLiteLocationDAO.m */ = {isa = PBXFileReference; explicitFileType = undefined; fileEncoding = 4; includeInIndex = 0; lastKnownFileType = sourcecode.c.objc; name = SQLiteLocationDAO.m; path = "cordova-plugin-mauron85-background-geolocation/SQLiteLocationDAO.m"; sourceTree = "<group>"; };
		064A833231AD4E83BB127DBD /* SQLiteHelper.h */ = {isa = PBXFileReference; explicitFileType = undefined; fileEncoding = 4; includeInIndex = 0; lastKnownFileType = sourcecode.c.h; name = SQLiteHelper.h; path = "cordova-plugin-mauron85-background-geolocation/SQLiteHelper.h"; sourceTree = "<group>"; };
		0E987CDF72BE4195BEFEA488 /* LocationContract.h */ = {isa = PBXFileReference; explicitFileType = undefined; fileEncoding = 4; includeInIndex = 0; lastKnownFileType = sourcecode.c.h; name = LocationContract.h; path = "cordova-plugin-mauron85-background-geolocation/LocationContract.h"; sourceTree = "<group>"; };
		105891F868A54940ACC3C598 /* SQLiteHelper.m */ = {isa = PBXFileReference; explicitFileType = undefined; fileEncoding = 4; includeInIndex = 0; lastKnownFileType = sourcecode.c.objc; name = SQLiteHelper.m; path = "cordova-plugin-mauron85-background-geolocation/SQLiteHelper.m"; sourceTree = "<group>"; };
		123B64FB0A6C4C529763749B /* SQLitePlugin.m */ = {isa = PBXFileReference; explicitFileType = undefined; fileEncoding = 4; includeInIndex = 0; lastKnownFileType = sourcecode.c.objc; name = SQLitePlugin.m; path = "cordova-sqlite-storage/SQLitePlugin.m"; sourceTree = "<group>"; };
		1277700A464A476E8E107EDD /* CDVJpegHeaderWriter.h */ = {isa = PBXFileReference; explicitFileType = undefined; fileEncoding = 4; includeInIndex = 0; lastKnownFileType = sourcecode.c.h; name = CDVJpegHeaderWriter.h; path = "cordova-plugin-camera/CDVJpegHeaderWriter.h"; sourceTree = "<group>"; };
		15D7A53AA844481C8601F209 /* Reachability.m */ = {isa = PBXFileReference; explicitFileType = undefined; fileEncoding = 4; includeInIndex = 0; lastKnownFileType = sourcecode.c.objc; name = Reachability.m; path = "cordova-plugin-mauron85-background-geolocation/Reachability.m"; sourceTree = "<group>"; };
		19D18B9180D543A398550428 /* CocoaLumberjack.m */ = {isa = PBXFileReference; explicitFileType = undefined; fileEncoding = 4; includeInIndex = 0; lastKnownFileType = sourcecode.c.objc; name = CocoaLumberjack.m; path = "cordova-plugin-mauron85-background-geolocation/CocoaLumberjack.m"; sourceTree = "<group>"; };
		1A2A9DE5BE14449B95344C40 /* Logging.m */ = {isa = PBXFileReference; explicitFileType = undefined; fileEncoding = 4; includeInIndex = 0; lastKnownFileType = sourcecode.c.objc; name = Logging.m; path = "cordova-plugin-mauron85-background-geolocation/Logging.m"; sourceTree = "<group>"; };
		1D3623240D0F684500981E51 /* AppDelegate.h */ = {isa = PBXFileReference; fileEncoding = 4; lastKnownFileType = sourcecode.c.h; path = AppDelegate.h; sourceTree = "<group>"; };
		1D3623250D0F684500981E51 /* AppDelegate.m */ = {isa = PBXFileReference; fileEncoding = 4; lastKnownFileType = sourcecode.c.objc; path = AppDelegate.m; sourceTree = "<group>"; };
		1D6058910D05DD3D006BFB54 /* ProjetVP.app */ = {isa = PBXFileReference; explicitFileType = wrapper.application; includeInIndex = 0; path = ProjetVP.app; sourceTree = BUILT_PRODUCTS_DIR; };
		204699229C22420CA96DF788 /* Reachability.h */ = {isa = PBXFileReference; explicitFileType = undefined; fileEncoding = 4; includeInIndex = 0; lastKnownFileType = sourcecode.c.h; name = Reachability.h; path = "cordova-plugin-mauron85-background-geolocation/Reachability.h"; sourceTree = "<group>"; };
		22619B6A542A486A98C7B22C /* CDVSplashScreen.m */ = {isa = PBXFileReference; explicitFileType = undefined; fileEncoding = 4; includeInIndex = 0; lastKnownFileType = sourcecode.c.objc; name = CDVSplashScreen.m; path = "cordova-plugin-splashscreen/CDVSplashScreen.m"; sourceTree = "<group>"; };
		2320F45BB7F4488CB525413A /* LocationManager.h */ = {isa = PBXFileReference; explicitFileType = undefined; fileEncoding = 4; includeInIndex = 0; lastKnownFileType = sourcecode.c.h; name = LocationManager.h; path = "cordova-plugin-mauron85-background-geolocation/LocationManager.h"; sourceTree = "<group>"; };
		236B0316F5DB4571938CDEAA /* CDVStatusBar.h */ = {isa = PBXFileReference; explicitFileType = undefined; fileEncoding = 4; includeInIndex = 0; lastKnownFileType = sourcecode.c.h; name = CDVStatusBar.h; path = "cordova-plugin-statusbar/CDVStatusBar.h"; sourceTree = "<group>"; };
		24B3B38D432D44C6A2047B22 /* AppDelegate+APPAppEvent.m */ = {isa = PBXFileReference; explicitFileType = undefined; fileEncoding = 4; includeInIndex = 0; lastKnownFileType = sourcecode.c.objc; name = "AppDelegate+APPAppEvent.m"; path = "cordova-plugin-app-event/AppDelegate+APPAppEvent.m"; sourceTree = "<group>"; };
		263F4003D7404A8BA522A909 /* UIApplication+APPLocalNotification.h */ = {isa = PBXFileReference; explicitFileType = undefined; fileEncoding = 4; includeInIndex = 0; lastKnownFileType = sourcecode.c.h; name = "UIApplication+APPLocalNotification.h"; path = "de.appplant.cordova.plugin.local-notification/UIApplication+APPLocalNotification.h"; sourceTree = "<group>"; };
		29B97316FDCFA39411CA2CEA /* main.m */ = {isa = PBXFileReference; fileEncoding = 4; lastKnownFileType = sourcecode.c.objc; path = main.m; sourceTree = "<group>"; };
		2BD4745B5AD441B4A09F4B54 /* BackgroundTaskManager.h */ = {isa = PBXFileReference; explicitFileType = undefined; fileEncoding = 4; includeInIndex = 0; lastKnownFileType = sourcecode.c.h; name = BackgroundTaskManager.h; path = "cordova-plugin-mauron85-background-geolocation/BackgroundTaskManager.h"; sourceTree = "<group>"; };
		2EDC185E26374A439467E128 /* sqlite3.h */ = {isa = PBXFileReference; explicitFileType = undefined; fileEncoding = 4; includeInIndex = 0; lastKnownFileType = sourcecode.c.h; name = sqlite3.h; path = "cordova-sqlite-storage/sqlite3.h"; sourceTree = "<group>"; };
		2EFF8B3391DC4078953AD018 /* UIImage+CropScaleOrientation.m */ = {isa = PBXFileReference; explicitFileType = undefined; fileEncoding = 4; includeInIndex = 0; lastKnownFileType = sourcecode.c.objc; name = "UIImage+CropScaleOrientation.m"; path = "cordova-plugin-camera/UIImage+CropScaleOrientation.m"; sourceTree = "<group>"; };
		301BF52D109A57CC0062928A /* CordovaLib.xcodeproj */ = {isa = PBXFileReference; lastKnownFileType = "wrapper.pb-project"; name = CordovaLib.xcodeproj; path = CordovaLib/CordovaLib.xcodeproj; sourceTree = "<group>"; };
		301BF56E109A69640062928A /* www */ = {isa = PBXFileReference; lastKnownFileType = folder; path = www; sourceTree = SOURCE_ROOT; };
		302D95EE14D2391D003F00A1 /* MainViewController.h */ = {isa = PBXFileReference; fileEncoding = 4; lastKnownFileType = sourcecode.c.h; path = MainViewController.h; sourceTree = "<group>"; };
		302D95EF14D2391D003F00A1 /* MainViewController.m */ = {isa = PBXFileReference; fileEncoding = 4; lastKnownFileType = sourcecode.c.objc; path = MainViewController.m; sourceTree = "<group>"; };
		302D95F014D2391D003F00A1 /* MainViewController.xib */ = {isa = PBXFileReference; fileEncoding = 4; lastKnownFileType = file.xib; path = MainViewController.xib; sourceTree = "<group>"; };
		3047A50F1AB8059700498E2A /* build-debug.xcconfig */ = {isa = PBXFileReference; fileEncoding = 4; lastKnownFileType = text.xcconfig; name = "build-debug.xcconfig"; path = "cordova/build-debug.xcconfig"; sourceTree = SOURCE_ROOT; };
		3047A5101AB8059700498E2A /* build-release.xcconfig */ = {isa = PBXFileReference; fileEncoding = 4; lastKnownFileType = text.xcconfig; name = "build-release.xcconfig"; path = "cordova/build-release.xcconfig"; sourceTree = SOURCE_ROOT; };
		3047A5111AB8059700498E2A /* build.xcconfig */ = {isa = PBXFileReference; fileEncoding = 4; lastKnownFileType = text.xcconfig; name = build.xcconfig; path = cordova/build.xcconfig; sourceTree = SOURCE_ROOT; };
		32A8CB9E3F0B4AC5A103F8B7 /* CDVLogger.h */ = {isa = PBXFileReference; explicitFileType = undefined; fileEncoding = 4; includeInIndex = 0; lastKnownFileType = sourcecode.c.h; name = CDVLogger.h; path = "cordova-plugin-console/CDVLogger.h"; sourceTree = "<group>"; };
		32CA4F630368D1EE00C91783 /* ProjetVP-Prefix.pch */ = {isa = PBXFileReference; fileEncoding = 4; lastKnownFileType = sourcecode.c.h; path = "ProjetVP-Prefix.pch"; sourceTree = "<group>"; };
		344997F9322A4E9C9A59FA76 /* CDVExif.h */ = {isa = PBXFileReference; explicitFileType = undefined; fileEncoding = 4; includeInIndex = 0; lastKnownFileType = sourcecode.c.h; name = CDVExif.h; path = "cordova-plugin-camera/CDVExif.h"; sourceTree = "<group>"; };
		371793984CCF46CEBCEA957D /* CDVSplashScreen.h */ = {isa = PBXFileReference; explicitFileType = undefined; fileEncoding = 4; includeInIndex = 0; lastKnownFileType = sourcecode.c.h; name = CDVSplashScreen.h; path = "cordova-plugin-splashscreen/CDVSplashScreen.h"; sourceTree = "<group>"; };
		39A63AE94CE24B45B4428E44 /* CDVLocation.m */ = {isa = PBXFileReference; explicitFileType = undefined; fileEncoding = 4; includeInIndex = 0; lastKnownFileType = sourcecode.c.objc; name = CDVLocation.m; path = "cordova-plugin-geolocation/CDVLocation.m"; sourceTree = "<group>"; };
		3A7E5986B8644C0F9B55E74C /* UIApplication+APPLocalNotification.m */ = {isa = PBXFileReference; explicitFileType = undefined; fileEncoding = 4; includeInIndex = 0; lastKnownFileType = sourcecode.c.objc; name = "UIApplication+APPLocalNotification.m"; path = "de.appplant.cordova.plugin.local-notification/UIApplication+APPLocalNotification.m"; sourceTree = "<group>"; };
		3E2AD3CC2B8D41F98B7847FF /* APPLocalNotificationOptions.m */ = {isa = PBXFileReference; explicitFileType = undefined; fileEncoding = 4; includeInIndex = 0; lastKnownFileType = sourcecode.c.objc; name = APPLocalNotificationOptions.m; path = "de.appplant.cordova.plugin.local-notification/APPLocalNotificationOptions.m"; sourceTree = "<group>"; };
		40ED5023176E43D4A5FD265C /* GeolocationOpenHelper.m */ = {isa = PBXFileReference; explicitFileType = undefined; fileEncoding = 4; includeInIndex = 0; lastKnownFileType = sourcecode.c.objc; name = GeolocationOpenHelper.m; path = "cordova-plugin-mauron85-background-geolocation/GeolocationOpenHelper.m"; sourceTree = "<group>"; };
		42D7AB86B1364B73B08B06D0 /* SQLitePlugin.h */ = {isa = PBXFileReference; explicitFileType = undefined; fileEncoding = 4; includeInIndex = 0; lastKnownFileType = sourcecode.c.h; name = SQLitePlugin.h; path = "cordova-sqlite-storage/SQLitePlugin.h"; sourceTree = "<group>"; };
		4513ABF5E91F483C87DA634B /* APPLocalNotificationOptions.h */ = {isa = PBXFileReference; explicitFileType = undefined; fileEncoding = 4; includeInIndex = 0; lastKnownFileType = sourcecode.c.h; name = APPLocalNotificationOptions.h; path = "de.appplant.cordova.plugin.local-notification/APPLocalNotificationOptions.h"; sourceTree = "<group>"; };
		47211E5C864B488F84A6646B /* Toast+UIView.h */ = {isa = PBXFileReference; explicitFileType = undefined; fileEncoding = 4; includeInIndex = 0; lastKnownFileType = sourcecode.c.h; name = "Toast+UIView.h"; path = "cordova-plugin-x-toast/Toast+UIView.h"; sourceTree = "<group>"; };
		49E4BD34ACFE42E2937EED67 /* CDVPlugin+APPAppEvent.m */ = {isa = PBXFileReference; explicitFileType = undefined; fileEncoding = 4; includeInIndex = 0; lastKnownFileType = sourcecode.c.objc; name = "CDVPlugin+APPAppEvent.m"; path = "cordova-plugin-app-event/CDVPlugin+APPAppEvent.m"; sourceTree = "<group>"; };
		4DC69E90E5494EF68A1A1928 /* CDVCamera.h */ = {isa = PBXFileReference; explicitFileType = undefined; fileEncoding = 4; includeInIndex = 0; lastKnownFileType = sourcecode.c.h; name = CDVCamera.h; path = "cordova-plugin-camera/CDVCamera.h"; sourceTree = "<group>"; };
		50370FF7FB6D42EC9176D035 /* CDVBackgroundGeolocation.m */ = {isa = PBXFileReference; explicitFileType = undefined; fileEncoding = 4; includeInIndex = 0; lastKnownFileType = sourcecode.c.objc; name = CDVBackgroundGeolocation.m; path = "cordova-plugin-mauron85-background-geolocation/CDVBackgroundGeolocation.m"; sourceTree = "<group>"; };
		561C546ED6974345A2E3E527 /* APPAppEventDelegate.h */ = {isa = PBXFileReference; explicitFileType = undefined; fileEncoding = 4; includeInIndex = 0; lastKnownFileType = sourcecode.c.h; name = APPAppEventDelegate.h; path = "cordova-plugin-app-event/APPAppEventDelegate.h"; sourceTree = "<group>"; };
		575A2429FE5E4C24BFB3C353 /* Logging.h */ = {isa = PBXFileReference; explicitFileType = undefined; fileEncoding = 4; includeInIndex = 0; lastKnownFileType = sourcecode.c.h; name = Logging.h; path = "cordova-plugin-mauron85-background-geolocation/Logging.h"; sourceTree = "<group>"; };
		58A2971409964AF5BCBB44B3 /* UIImage+CropScaleOrientation.h */ = {isa = PBXFileReference; explicitFileType = undefined; fileEncoding = 4; includeInIndex = 0; lastKnownFileType = sourcecode.c.h; name = "UIImage+CropScaleOrientation.h"; path = "cordova-plugin-camera/UIImage+CropScaleOrientation.h"; sourceTree = "<group>"; };
		5CFB0053C293408E9C30ECAD /* CDVAssetLibraryFilesystem.h */ = {isa = PBXFileReference; explicitFileType = undefined; fileEncoding = 4; includeInIndex = 0; lastKnownFileType = sourcecode.c.h; name = CDVAssetLibraryFilesystem.h; path = "cordova-plugin-file/CDVAssetLibraryFilesystem.h"; sourceTree = "<group>"; };
		5ECADDA2C66B46A2BB7BB4CE /* LocationUploader.h */ = {isa = PBXFileReference; explicitFileType = undefined; fileEncoding = 4; includeInIndex = 0; lastKnownFileType = sourcecode.c.h; name = LocationUploader.h; path = "cordova-plugin-mauron85-background-geolocation/LocationUploader.h"; sourceTree = "<group>"; };
		61A8D00531D74FE1958434B1 /* APPLocalNotification.m */ = {isa = PBXFileReference; explicitFileType = undefined; fileEncoding = 4; includeInIndex = 0; lastKnownFileType = sourcecode.c.objc; name = APPLocalNotification.m; path = "de.appplant.cordova.plugin.local-notification/APPLocalNotification.m"; sourceTree = "<group>"; };
		6413C97E300D40F0AE75BA6B /* Toast.m */ = {isa = PBXFileReference; explicitFileType = undefined; fileEncoding = 4; includeInIndex = 0; lastKnownFileType = sourcecode.c.objc; name = Toast.m; path = "cordova-plugin-x-toast/Toast.m"; sourceTree = "<group>"; };
		6500CBD860C84D5FBBAFA033 /* FMDB.h */ = {isa = PBXFileReference; explicitFileType = undefined; fileEncoding = 4; includeInIndex = 0; lastKnownFileType = sourcecode.c.h; name = FMDB.h; path = "cordova-plugin-mauron85-background-geolocation/FMDB.h"; sourceTree = "<group>"; };
		666081EBEB184DDEB276DE0B /* SocialSharing.m */ = {isa = PBXFileReference; explicitFileType = undefined; fileEncoding = 4; includeInIndex = 0; lastKnownFileType = sourcecode.c.objc; name = SocialSharing.m; path = "cordova-plugin-x-socialsharing/SocialSharing.m"; sourceTree = "<group>"; };
		66BE8E74B7FD4A56B411AD09 /* CDVDevice.h */ = {isa = PBXFileReference; explicitFileType = undefined; fileEncoding = 4; includeInIndex = 0; lastKnownFileType = sourcecode.c.h; name = CDVDevice.h; path = "cordova-plugin-device/CDVDevice.h"; sourceTree = "<group>"; };
		6A1CEEA3693F4BD6B533C77C /* AppDelegate+APPAppEvent.h */ = {isa = PBXFileReference; explicitFileType = undefined; fileEncoding = 4; includeInIndex = 0; lastKnownFileType = sourcecode.c.h; name = "AppDelegate+APPAppEvent.h"; path = "cordova-plugin-app-event/AppDelegate+APPAppEvent.h"; sourceTree = "<group>"; };
		6AFF5BF81D6E424B00AB3073 /* CDVLaunchScreen.storyboard */ = {isa = PBXFileReference; fileEncoding = 4; lastKnownFileType = file.storyboard; name = CDVLaunchScreen.storyboard; path = ProjetVP/CDVLaunchScreen.storyboard; sourceTree = SOURCE_ROOT; };
		6F0B8777B5E24BF6B1338DF7 /* Toast.h */ = {isa = PBXFileReference; explicitFileType = undefined; fileEncoding = 4; includeInIndex = 0; lastKnownFileType = sourcecode.c.h; name = Toast.h; path = "cordova-plugin-x-toast/Toast.h"; sourceTree = "<group>"; };
		717A9F31BCB747F1A272AE97 /* sqlite3.c */ = {isa = PBXFileReference; explicitFileType = undefined; fileEncoding = 9; includeInIndex = 0; lastKnownFileType = unknown; name = sqlite3.c; path = "cordova-sqlite-storage/sqlite3.c"; sourceTree = "<group>"; };
		71E9BE6DD5EC425D8954581D /* Location.h */ = {isa = PBXFileReference; explicitFileType = undefined; fileEncoding = 4; includeInIndex = 0; lastKnownFileType = sourcecode.c.h; name = Location.h; path = "cordova-plugin-mauron85-background-geolocation/Location.h"; sourceTree = "<group>"; };
		72AA56AE965447BAA30A688D /* SystemConfiguration.framework */ = {isa = PBXFileReference; explicitFileType = undefined; fileEncoding = 9; includeInIndex = 0; lastKnownFileType = wrapper.framework; name = SystemConfiguration.framework; path = System/Library/Frameworks/SystemConfiguration.framework; sourceTree = SDKROOT; };
		7572D1AAA09044D49BF32E6A /* CDVViewController+SplashScreen.h */ = {isa = PBXFileReference; explicitFileType = undefined; fileEncoding = 4; includeInIndex = 0; lastKnownFileType = sourcecode.c.h; name = "CDVViewController+SplashScreen.h"; path = "cordova-plugin-splashscreen/CDVViewController+SplashScreen.h"; sourceTree = "<group>"; };
		7A9F8F4237704157AEC85AA9 /* CDVReachability.h */ = {isa = PBXFileReference; explicitFileType = undefined; fileEncoding = 4; includeInIndex = 0; lastKnownFileType = sourcecode.c.h; name = CDVReachability.h; path = "cordova-plugin-network-information/CDVReachability.h"; sourceTree = "<group>"; };
		7EA0CB4A3A0845DFB50DAFD7 /* FMDBLogger.m */ = {isa = PBXFileReference; explicitFileType = undefined; fileEncoding = 4; includeInIndex = 0; lastKnownFileType = sourcecode.c.objc; name = FMDBLogger.m; path = "cordova-plugin-mauron85-background-geolocation/FMDBLogger.m"; sourceTree = "<group>"; };
		818BC9B814994B2EA104B03B /* LocationContract.m */ = {isa = PBXFileReference; explicitFileType = undefined; fileEncoding = 4; includeInIndex = 0; lastKnownFileType = sourcecode.c.objc; name = LocationContract.m; path = "cordova-plugin-mauron85-background-geolocation/LocationContract.m"; sourceTree = "<group>"; };
		845E7DCE2B0F476BBFE314A0 /* CDVViewController+SplashScreen.m */ = {isa = PBXFileReference; explicitFileType = undefined; fileEncoding = 4; includeInIndex = 0; lastKnownFileType = sourcecode.c.objc; name = "CDVViewController+SplashScreen.m"; path = "cordova-plugin-splashscreen/CDVViewController+SplashScreen.m"; sourceTree = "<group>"; };
		84D0FD397D3543F3B4C98E38 /* CFCallNumber.h */ = {isa = PBXFileReference; explicitFileType = undefined; fileEncoding = 4; includeInIndex = 0; lastKnownFileType = sourcecode.c.h; name = CFCallNumber.h; path = mx.ferreyra.callnumber/CFCallNumber.h; sourceTree = "<group>"; };
		89741214DF3643059D047649 /* LocationUploader.m */ = {isa = PBXFileReference; explicitFileType = undefined; fileEncoding = 4; includeInIndex = 0; lastKnownFileType = sourcecode.c.objc; name = LocationUploader.m; path = "cordova-plugin-mauron85-background-geolocation/LocationUploader.m"; sourceTree = "<group>"; };
		8B19252308D74C38ABACDADE /* GeolocationOpenHelper.h */ = {isa = PBXFileReference; explicitFileType = undefined; fileEncoding = 4; includeInIndex = 0; lastKnownFileType = sourcecode.c.h; name = GeolocationOpenHelper.h; path = "cordova-plugin-mauron85-background-geolocation/GeolocationOpenHelper.h"; sourceTree = "<group>"; };
		8C58E663A43A4D6E8351EA80 /* ImageIO.framework */ = {isa = PBXFileReference; explicitFileType = undefined; fileEncoding = 9; includeInIndex = 0; lastKnownFileType = wrapper.framework; name = ImageIO.framework; path = System/Library/Frameworks/ImageIO.framework; sourceTree = SDKROOT; };
		8D1107310486CEB800E47090 /* ProjetVP-Info.plist */ = {isa = PBXFileReference; fileEncoding = 4; lastKnownFileType = text.plist.xml; name = "ProjetVP-Info.plist"; path = "ProjetVP/ProjetVP-Info.plist"; plistStructureDefinitionIdentifier = "com.apple.xcode.plist.structure-definition.iphone.info-plist"; sourceTree = SOURCE_ROOT; };
		8F2D00F8973B42CAB42063B3 /* CDVLocation.h */ = {isa = PBXFileReference; explicitFileType = undefined; fileEncoding = 4; includeInIndex = 0; lastKnownFileType = sourcecode.c.h; name = CDVLocation.h; path = "cordova-plugin-geolocation/CDVLocation.h"; sourceTree = "<group>"; };
		913E490ADCA24B09AA61F28A /* SQLiteOpenHelper.h */ = {isa = PBXFileReference; explicitFileType = undefined; fileEncoding = 4; includeInIndex = 0; lastKnownFileType = sourcecode.c.h; name = SQLiteOpenHelper.h; path = "cordova-plugin-mauron85-background-geolocation/SQLiteOpenHelper.h"; sourceTree = "<group>"; };
		91E7F5C3174746C797350170 /* MessageUI.framework */ = {isa = PBXFileReference; explicitFileType = undefined; fileEncoding = 9; includeInIndex = 0; lastKnownFileType = wrapper.framework; name = MessageUI.framework; path = System/Library/Frameworks/MessageUI.framework; sourceTree = SDKROOT; };
		9303C241744A494C93118E72 /* CDVBackgroundGeolocation.h */ = {isa = PBXFileReference; explicitFileType = undefined; fileEncoding = 4; includeInIndex = 0; lastKnownFileType = sourcecode.c.h; name = CDVBackgroundGeolocation.h; path = "cordova-plugin-mauron85-background-geolocation/CDVBackgroundGeolocation.h"; sourceTree = "<group>"; };
		9728B4FD111C40DCBEFF1608 /* CDVLogger.m */ = {isa = PBXFileReference; explicitFileType = undefined; fileEncoding = 4; includeInIndex = 0; lastKnownFileType = sourcecode.c.objc; name = CDVLogger.m; path = "cordova-plugin-console/CDVLogger.m"; sourceTree = "<group>"; };
		983221A1DC954CC7B230C497 /* APPLocalNotification.h */ = {isa = PBXFileReference; explicitFileType = undefined; fileEncoding = 4; includeInIndex = 0; lastKnownFileType = sourcecode.c.h; name = APPLocalNotification.h; path = "de.appplant.cordova.plugin.local-notification/APPLocalNotification.h"; sourceTree = "<group>"; };
		99508CD88BF74A5D8D18EE38 /* Location.m */ = {isa = PBXFileReference; explicitFileType = undefined; fileEncoding = 4; includeInIndex = 0; lastKnownFileType = sourcecode.c.objc; name = Location.m; path = "cordova-plugin-mauron85-background-geolocation/Location.m"; sourceTree = "<group>"; };
		9AC0F027DCF8429680AB0A7D /* Config.h */ = {isa = PBXFileReference; explicitFileType = undefined; fileEncoding = 4; includeInIndex = 0; lastKnownFileType = sourcecode.c.h; name = Config.h; path = "cordova-plugin-mauron85-background-geolocation/Config.h"; sourceTree = "<group>"; };
		9AF954C5B01E47109AD784B9 /* AudioToolbox.framework */ = {isa = PBXFileReference; explicitFileType = undefined; fileEncoding = 9; includeInIndex = 0; lastKnownFileType = wrapper.framework; name = AudioToolbox.framework; path = System/Library/Frameworks/AudioToolbox.framework; sourceTree = SDKROOT; };
		9B11C5EA959F47BFBA27B323 /* Social.framework */ = {isa = PBXFileReference; explicitFileType = undefined; fileEncoding = 9; includeInIndex = 0; lastKnownFileType = wrapper.framework; name = Social.framework; path = System/Library/Frameworks/Social.framework; sourceTree = SDKROOT; };
		9B92553C40C34142AA7564E5 /* CDVJpegHeaderWriter.m */ = {isa = PBXFileReference; explicitFileType = undefined; fileEncoding = 4; includeInIndex = 0; lastKnownFileType = sourcecode.c.objc; name = CDVJpegHeaderWriter.m; path = "cordova-plugin-camera/CDVJpegHeaderWriter.m"; sourceTree = "<group>"; };
		9E1FFFDE06BC41DC8221CBAC /* CFCallNumber.m */ = {isa = PBXFileReference; explicitFileType = undefined; fileEncoding = 4; includeInIndex = 0; lastKnownFileType = sourcecode.c.objc; name = CFCallNumber.m; path = mx.ferreyra.callnumber/CFCallNumber.m; sourceTree = "<group>"; };
		9FDF2FACF07B435597B3FB01 /* NSString+SSURLEncoding.h */ = {isa = PBXFileReference; explicitFileType = undefined; fileEncoding = 4; includeInIndex = 0; lastKnownFileType = sourcecode.c.h; name = "NSString+SSURLEncoding.h"; path = "cordova-plugin-x-socialsharing/NSString+SSURLEncoding.h"; sourceTree = "<group>"; };
		A33EB070959B4316B22254C5 /* IonicKeyboard.h */ = {isa = PBXFileReference; explicitFileType = undefined; fileEncoding = 4; includeInIndex = 0; lastKnownFileType = sourcecode.c.h; name = IonicKeyboard.h; path = "ionic-plugin-keyboard/IonicKeyboard.h"; sourceTree = "<group>"; };
		A58B55E5B9AC4292B35C85D3 /* SocialSharing.h */ = {isa = PBXFileReference; explicitFileType = undefined; fileEncoding = 4; includeInIndex = 0; lastKnownFileType = sourcecode.c.h; name = SocialSharing.h; path = "cordova-plugin-x-socialsharing/SocialSharing.h"; sourceTree = "<group>"; };
		A7081644646F4CAB9633C31B /* CDVFileTransfer.h */ = {isa = PBXFileReference; explicitFileType = undefined; fileEncoding = 4; includeInIndex = 0; lastKnownFileType = sourcecode.c.h; name = CDVFileTransfer.h; path = "cordova-plugin-file-transfer/CDVFileTransfer.h"; sourceTree = "<group>"; };
		AF78A125535F4F9480C34BBF /* CDVReachability.m */ = {isa = PBXFileReference; explicitFileType = undefined; fileEncoding = 4; includeInIndex = 0; lastKnownFileType = sourcecode.c.objc; name = CDVReachability.m; path = "cordova-plugin-network-information/CDVReachability.m"; sourceTree = "<group>"; };
		B2A01974D5C347DBA430EBCF /* Config.m */ = {isa = PBXFileReference; explicitFileType = undefined; fileEncoding = 4; includeInIndex = 0; lastKnownFileType = sourcecode.c.objc; name = Config.m; path = "cordova-plugin-mauron85-background-geolocation/Config.m"; sourceTree = "<group>"; };
		B58A79757FFA483091EE29FD /* UILocalNotification+APPLocalNotification.m */ = {isa = PBXFileReference; explicitFileType = undefined; fileEncoding = 4; includeInIndex = 0; lastKnownFileType = sourcecode.c.objc; name = "UILocalNotification+APPLocalNotification.m"; path = "de.appplant.cordova.plugin.local-notification/UILocalNotification+APPLocalNotification.m"; sourceTree = "<group>"; };
		B60075A95943445C88C944E2 /* QuartzCore.framework */ = {isa = PBXFileReference; explicitFileType = undefined; fileEncoding = 9; includeInIndex = 0; lastKnownFileType = wrapper.framework; name = QuartzCore.framework; path = System/Library/Frameworks/QuartzCore.framework; sourceTree = SDKROOT; };
		BA0D80EA9F2D46EB9E575EBD /* CDVStatusBar.m */ = {isa = PBXFileReference; explicitFileType = undefined; fileEncoding = 4; includeInIndex = 0; lastKnownFileType = sourcecode.c.objc; name = CDVStatusBar.m; path = "cordova-plugin-statusbar/CDVStatusBar.m"; sourceTree = "<group>"; };
		BC93EB83238743478F478791 /* CDVAssetLibraryFilesystem.m */ = {isa = PBXFileReference; explicitFileType = undefined; fileEncoding = 4; includeInIndex = 0; lastKnownFileType = sourcecode.c.objc; name = CDVAssetLibraryFilesystem.m; path = "cordova-plugin-file/CDVAssetLibraryFilesystem.m"; sourceTree = "<group>"; };
		C2C7B787863741009FB8147E /* FMDB.m */ = {isa = PBXFileReference; explicitFileType = undefined; fileEncoding = 4; includeInIndex = 0; lastKnownFileType = sourcecode.c.objc; name = FMDB.m; path = "cordova-plugin-mauron85-background-geolocation/FMDB.m"; sourceTree = "<group>"; };
		D596FAA28DEB41E494A874AC /* CocoaLumberjack.h */ = {isa = PBXFileReference; explicitFileType = undefined; fileEncoding = 4; includeInIndex = 0; lastKnownFileType = sourcecode.c.h; name = CocoaLumberjack.h; path = "cordova-plugin-mauron85-background-geolocation/CocoaLumberjack.h"; sourceTree = "<group>"; };
		D6FEFBB2869940C78CAB5655 /* LocationManager.m */ = {isa = PBXFileReference; explicitFileType = undefined; fileEncoding = 4; includeInIndex = 0; lastKnownFileType = sourcecode.c.objc; name = LocationManager.m; path = "cordova-plugin-mauron85-background-geolocation/LocationManager.m"; sourceTree = "<group>"; };
		D9F744CE43E345818389224F /* CDVLocalFilesystem.m */ = {isa = PBXFileReference; explicitFileType = undefined; fileEncoding = 4; includeInIndex = 0; lastKnownFileType = sourcecode.c.objc; name = CDVLocalFilesystem.m; path = "cordova-plugin-file/CDVLocalFilesystem.m"; sourceTree = "<group>"; };
		DA7C6473FD09474B875F266F /* CoreTelephony.framework */ = {isa = PBXFileReference; explicitFileType = undefined; fileEncoding = 9; includeInIndex = 0; lastKnownFileType = wrapper.framework; name = CoreTelephony.framework; path = System/Library/Frameworks/CoreTelephony.framework; sourceTree = SDKROOT; };
		DC401531006A44FB8A159884 /* CDVPlugin+APPAppEvent.h */ = {isa = PBXFileReference; explicitFileType = undefined; fileEncoding = 4; includeInIndex = 0; lastKnownFileType = sourcecode.c.h; name = "CDVPlugin+APPAppEvent.h"; path = "cordova-plugin-app-event/CDVPlugin+APPAppEvent.h"; sourceTree = "<group>"; };
		DDA0499980C44167B4686808 /* Toast+UIView.m */ = {isa = PBXFileReference; explicitFileType = undefined; fileEncoding = 4; includeInIndex = 0; lastKnownFileType = sourcecode.c.objc; name = "Toast+UIView.m"; path = "cordova-plugin-x-toast/Toast+UIView.m"; sourceTree = "<group>"; };
		DDE9885F00604D29984230D3 /* CDVFile.h */ = {isa = PBXFileReference; explicitFileType = undefined; fileEncoding = 4; includeInIndex = 0; lastKnownFileType = sourcecode.c.h; name = CDVFile.h; path = "cordova-plugin-file/CDVFile.h"; sourceTree = "<group>"; };
		DE96B94D2EA74AE1BB30465A /* CDVFile.m */ = {isa = PBXFileReference; explicitFileType = undefined; fileEncoding = 4; includeInIndex = 0; lastKnownFileType = sourcecode.c.objc; name = CDVFile.m; path = "cordova-plugin-file/CDVFile.m"; sourceTree = "<group>"; };
		DEE9EE3F2A724C4492AF2A77 /* SQLiteLocationDAO.h */ = {isa = PBXFileReference; explicitFileType = undefined; fileEncoding = 4; includeInIndex = 0; lastKnownFileType = sourcecode.c.h; name = SQLiteLocationDAO.h; path = "cordova-plugin-mauron85-background-geolocation/SQLiteLocationDAO.h"; sourceTree = "<group>"; };
		E10EBE500B924485A76725BD /* NSString+SSURLEncoding.m */ = {isa = PBXFileReference; explicitFileType = undefined; fileEncoding = 4; includeInIndex = 0; lastKnownFileType = sourcecode.c.objc; name = "NSString+SSURLEncoding.m"; path = "cordova-plugin-x-socialsharing/NSString+SSURLEncoding.m"; sourceTree = "<group>"; };
		E14D3830C0F940ABBDF00A2F /* CDVConnection.h */ = {isa = PBXFileReference; explicitFileType = undefined; fileEncoding = 4; includeInIndex = 0; lastKnownFileType = sourcecode.c.h; name = CDVConnection.h; path = "cordova-plugin-network-information/CDVConnection.h"; sourceTree = "<group>"; };
		E37BE26F4F5743D59295C53C /* CDVCamera.m */ = {isa = PBXFileReference; explicitFileType = undefined; fileEncoding = 4; includeInIndex = 0; lastKnownFileType = sourcecode.c.objc; name = CDVCamera.m; path = "cordova-plugin-camera/CDVCamera.m"; sourceTree = "<group>"; };
		E9A5C5FCD4674424AD213179 /* CDVConnection.m */ = {isa = PBXFileReference; explicitFileType = undefined; fileEncoding = 4; includeInIndex = 0; lastKnownFileType = sourcecode.c.objc; name = CDVConnection.m; path = "cordova-plugin-network-information/CDVConnection.m"; sourceTree = "<group>"; };
		EB87FDF31871DA8E0020F90C /* www */ = {isa = PBXFileReference; lastKnownFileType = folder; name = www; path = ../../www; sourceTree = "<group>"; };
		EB87FDF41871DAF40020F90C /* config.xml */ = {isa = PBXFileReference; lastKnownFileType = text.xml; name = config.xml; path = ../../config.xml; sourceTree = "<group>"; };
		ECAFB54771FD4633BD06AE70 /* AVFoundation.framework */ = {isa = PBXFileReference; explicitFileType = undefined; fileEncoding = 9; includeInIndex = 0; lastKnownFileType = wrapper.framework; name = AVFoundation.framework; path = System/Library/Frameworks/AVFoundation.framework; sourceTree = SDKROOT; };
		ED33DF2A687741AEAF9F8254 /* Bridging-Header.h */ = {isa = PBXFileReference; fileEncoding = 4; lastKnownFileType = sourcecode.c.h; path = "Bridging-Header.h"; sourceTree = "<group>"; };
		ED9D3DDD21C44A22AB6BBF45 /* CDVFileTransfer.m */ = {isa = PBXFileReference; explicitFileType = undefined; fileEncoding = 4; includeInIndex = 0; lastKnownFileType = sourcecode.c.objc; name = CDVFileTransfer.m; path = "cordova-plugin-file-transfer/CDVFileTransfer.m"; sourceTree = "<group>"; };
		F2693ACFB3A44D3C999FDC32 /* UILocalNotification+APPLocalNotification.h */ = {isa = PBXFileReference; explicitFileType = undefined; fileEncoding = 4; includeInIndex = 0; lastKnownFileType = sourcecode.c.h; name = "UILocalNotification+APPLocalNotification.h"; path = "de.appplant.cordova.plugin.local-notification/UILocalNotification+APPLocalNotification.h"; sourceTree = "<group>"; };
		F3A387EA54AF4E4E8F2109A4 /* CDVLocalFilesystem.h */ = {isa = PBXFileReference; explicitFileType = undefined; fileEncoding = 4; includeInIndex = 0; lastKnownFileType = sourcecode.c.h; name = CDVLocalFilesystem.h; path = "cordova-plugin-file/CDVLocalFilesystem.h"; sourceTree = "<group>"; };
		F4F1B26D6C584ECAA50C5A53 /* IonicKeyboard.m */ = {isa = PBXFileReference; explicitFileType = undefined; fileEncoding = 4; includeInIndex = 0; lastKnownFileType = sourcecode.c.objc; name = IonicKeyboard.m; path = "ionic-plugin-keyboard/IonicKeyboard.m"; sourceTree = "<group>"; };
		F5AF297721684ADF839F312A /* libsqlite3.dylib */ = {isa = PBXFileReference; explicitFileType = undefined; fileEncoding = 9; includeInIndex = 0; lastKnownFileType = "compiled.mach-o.dylib"; name = libsqlite3.dylib; path = usr/lib/libsqlite3.dylib; sourceTree = SDKROOT; };
		F840E1F0165FE0F500CFE078 /* config.xml */ = {isa = PBXFileReference; lastKnownFileType = text.xml; name = config.xml; path = ProjetVP/config.xml; sourceTree = "<group>"; };
		FF76E54F52BB44FF927D6F71 /* FMDBLogger.h */ = {isa = PBXFileReference; explicitFileType = undefined; fileEncoding = 4; includeInIndex = 0; lastKnownFileType = sourcecode.c.h; name = FMDBLogger.h; path = "cordova-plugin-mauron85-background-geolocation/FMDBLogger.h"; sourceTree = "<group>"; };
/* End PBXFileReference section */

/* Begin PBXFrameworksBuildPhase section */
		1D60588F0D05DD3D006BFB54 /* Frameworks */ = {
			isa = PBXFrameworksBuildPhase;
			buildActionMask = 2147483647;
			files = (
				301BF552109A68D80062928A /* libCordova.a in Frameworks */,
				7E3BAC4A64164D52B7D191F3 /* ImageIO.framework in Frameworks */,
				F991971FDAEA4CEF95DED81A /* CoreLocation.framework in Frameworks */,
				9915303AD400401D9109E55B /* AVFoundation.framework in Frameworks */,
				222F07BDD3F04A44AC71637D /* SystemConfiguration.framework in Frameworks */,
				B452682A2DD14EA0A37B2CBB /* AudioToolbox.framework in Frameworks */,
				89B7690CDC3D43EAA13C6473 /* libsqlite3.dylib in Frameworks */,
				3538F819E3A7432A90F7A5B4 /* CoreTelephony.framework in Frameworks */,
				5243B91C0E394751AB4CE0EF /* Social.framework in Frameworks */,
				D360095954864ED8A703E5B0 /* MessageUI.framework in Frameworks */,
				E4162B799D3C45B5AE2BC84C /* QuartzCore.framework in Frameworks */,
			);
			runOnlyForDeploymentPostprocessing = 0;
		};
/* End PBXFrameworksBuildPhase section */

/* Begin PBXGroup section */
		080E96DDFE201D6D7F000001 /* Classes */ = {
			isa = PBXGroup;
			children = (
				302D95EE14D2391D003F00A1 /* MainViewController.h */,
				302D95EF14D2391D003F00A1 /* MainViewController.m */,
				302D95F014D2391D003F00A1 /* MainViewController.xib */,
				1D3623240D0F684500981E51 /* AppDelegate.h */,
				1D3623250D0F684500981E51 /* AppDelegate.m */,
			);
			name = Classes;
			path = ProjetVP/Classes;
			sourceTree = SOURCE_ROOT;
		};
		19C28FACFE9D520D11CA2CBB /* Products */ = {
			isa = PBXGroup;
			children = (
				1D6058910D05DD3D006BFB54 /* ProjetVP.app */,
			);
			name = Products;
			sourceTree = "<group>";
		};
		29B97314FDCFA39411CA2CEA /* CustomTemplate */ = {
			isa = PBXGroup;
			children = (
				EB87FDF41871DAF40020F90C /* config.xml */,
				EB87FDF31871DA8E0020F90C /* www */,
				EB87FDF11871DA420020F90C /* Staging */,
				301BF52D109A57CC0062928A /* CordovaLib.xcodeproj */,
				080E96DDFE201D6D7F000001 /* Classes */,
				307C750510C5A3420062BCA9 /* Plugins */,
				29B97315FDCFA39411CA2CEA /* Other Sources */,
				29B97317FDCFA39411CA2CEA /* Resources */,
				29B97323FDCFA39411CA2CEA /* Frameworks */,
				19C28FACFE9D520D11CA2CBB /* Products */,
			);
			name = CustomTemplate;
			sourceTree = "<group>";
		};
		29B97315FDCFA39411CA2CEA /* Other Sources */ = {
			isa = PBXGroup;
			children = (
				32CA4F630368D1EE00C91783 /* ProjetVP-Prefix.pch */,
				29B97316FDCFA39411CA2CEA /* main.m */,
				ED33DF2A687741AEAF9F8254 /* Bridging-Header.h */,
			);
			name = "Other Sources";
			path = ProjetVP;
			sourceTree = "<group>";
		};
		29B97317FDCFA39411CA2CEA /* Resources */ = {
			isa = PBXGroup;
			children = (
				0207DA571B56EA530066E2B4 /* Images.xcassets */,
				3047A50E1AB8057F00498E2A /* config */,
				8D1107310486CEB800E47090 /* ProjetVP-Info.plist */,
				6AFF5BF81D6E424B00AB3073 /* CDVLaunchScreen.storyboard */,
			);
			name = Resources;
			path = ProjetVP/Resources;
			sourceTree = "<group>";
		};
		29B97323FDCFA39411CA2CEA /* Frameworks */ = {
			isa = PBXGroup;
			children = (
				8C58E663A43A4D6E8351EA80 /* ImageIO.framework */,
				00C4920595504320BFD4B14F /* CoreLocation.framework */,
				ECAFB54771FD4633BD06AE70 /* AVFoundation.framework */,
				72AA56AE965447BAA30A688D /* SystemConfiguration.framework */,
				9AF954C5B01E47109AD784B9 /* AudioToolbox.framework */,
				F5AF297721684ADF839F312A /* libsqlite3.dylib */,
				DA7C6473FD09474B875F266F /* CoreTelephony.framework */,
				9B11C5EA959F47BFBA27B323 /* Social.framework */,
				91E7F5C3174746C797350170 /* MessageUI.framework */,
				B60075A95943445C88C944E2 /* QuartzCore.framework */,
			);
			name = Frameworks;
			sourceTree = "<group>";
		};
		301BF52E109A57CC0062928A /* Products */ = {
			isa = PBXGroup;
			children = (
				301BF535109A57CC0062928A /* libCordova.a */,
			);
			name = Products;
			sourceTree = "<group>";
		};
		3047A50E1AB8057F00498E2A /* config */ = {
			isa = PBXGroup;
			children = (
				3047A50F1AB8059700498E2A /* build-debug.xcconfig */,
				3047A5101AB8059700498E2A /* build-release.xcconfig */,
				3047A5111AB8059700498E2A /* build.xcconfig */,
			);
			name = config;
			sourceTree = "<group>";
		};
		307C750510C5A3420062BCA9 /* Plugins */ = {
			isa = PBXGroup;
			children = (
				24B3B38D432D44C6A2047B22 /* AppDelegate+APPAppEvent.m */,
				49E4BD34ACFE42E2937EED67 /* CDVPlugin+APPAppEvent.m */,
				6A1CEEA3693F4BD6B533C77C /* AppDelegate+APPAppEvent.h */,
				DC401531006A44FB8A159884 /* CDVPlugin+APPAppEvent.h */,
				561C546ED6974345A2E3E527 /* APPAppEventDelegate.h */,
				2EFF8B3391DC4078953AD018 /* UIImage+CropScaleOrientation.m */,
				E37BE26F4F5743D59295C53C /* CDVCamera.m */,
				9B92553C40C34142AA7564E5 /* CDVJpegHeaderWriter.m */,
				58A2971409964AF5BCBB44B3 /* UIImage+CropScaleOrientation.h */,
				4DC69E90E5494EF68A1A1928 /* CDVCamera.h */,
				1277700A464A476E8E107EDD /* CDVJpegHeaderWriter.h */,
				344997F9322A4E9C9A59FA76 /* CDVExif.h */,
				9728B4FD111C40DCBEFF1608 /* CDVLogger.m */,
				32A8CB9E3F0B4AC5A103F8B7 /* CDVLogger.h */,
				01B4C6CE913A40F0AD6AC1FC /* CDVDevice.m */,
				66BE8E74B7FD4A56B411AD09 /* CDVDevice.h */,
				DE96B94D2EA74AE1BB30465A /* CDVFile.m */,
				D9F744CE43E345818389224F /* CDVLocalFilesystem.m */,
				BC93EB83238743478F478791 /* CDVAssetLibraryFilesystem.m */,
				DDE9885F00604D29984230D3 /* CDVFile.h */,
				F3A387EA54AF4E4E8F2109A4 /* CDVLocalFilesystem.h */,
				5CFB0053C293408E9C30ECAD /* CDVAssetLibraryFilesystem.h */,
				ED9D3DDD21C44A22AB6BBF45 /* CDVFileTransfer.m */,
				A7081644646F4CAB9633C31B /* CDVFileTransfer.h */,
				39A63AE94CE24B45B4428E44 /* CDVLocation.m */,
				8F2D00F8973B42CAB42063B3 /* CDVLocation.h */,
				0236C00D5E3D4267818DC8C2 /* BackgroundTaskManager.m */,
				50370FF7FB6D42EC9176D035 /* CDVBackgroundGeolocation.m */,
				19D18B9180D543A398550428 /* CocoaLumberjack.m */,
				B2A01974D5C347DBA430EBCF /* Config.m */,
				C2C7B787863741009FB8147E /* FMDB.m */,
				7EA0CB4A3A0845DFB50DAFD7 /* FMDBLogger.m */,
				40ED5023176E43D4A5FD265C /* GeolocationOpenHelper.m */,
				99508CD88BF74A5D8D18EE38 /* Location.m */,
				818BC9B814994B2EA104B03B /* LocationContract.m */,
				D6FEFBB2869940C78CAB5655 /* LocationManager.m */,
				89741214DF3643059D047649 /* LocationUploader.m */,
				1A2A9DE5BE14449B95344C40 /* Logging.m */,
				15D7A53AA844481C8601F209 /* Reachability.m */,
				105891F868A54940ACC3C598 /* SQLiteHelper.m */,
				0374780F6C234025BB9DFB4E /* SQLiteLocationDAO.m */,
				0130CFE719544935B4E5D88E /* SQLiteOpenHelper.m */,
				2BD4745B5AD441B4A09F4B54 /* BackgroundTaskManager.h */,
				9303C241744A494C93118E72 /* CDVBackgroundGeolocation.h */,
				D596FAA28DEB41E494A874AC /* CocoaLumberjack.h */,
				9AC0F027DCF8429680AB0A7D /* Config.h */,
				6500CBD860C84D5FBBAFA033 /* FMDB.h */,
				FF76E54F52BB44FF927D6F71 /* FMDBLogger.h */,
				8B19252308D74C38ABACDADE /* GeolocationOpenHelper.h */,
				71E9BE6DD5EC425D8954581D /* Location.h */,
				0E987CDF72BE4195BEFEA488 /* LocationContract.h */,
				2320F45BB7F4488CB525413A /* LocationManager.h */,
				5ECADDA2C66B46A2BB7BB4CE /* LocationUploader.h */,
				575A2429FE5E4C24BFB3C353 /* Logging.h */,
				204699229C22420CA96DF788 /* Reachability.h */,
				064A833231AD4E83BB127DBD /* SQLiteHelper.h */,
				DEE9EE3F2A724C4492AF2A77 /* SQLiteLocationDAO.h */,
				913E490ADCA24B09AA61F28A /* SQLiteOpenHelper.h */,
				E9A5C5FCD4674424AD213179 /* CDVConnection.m */,
				AF78A125535F4F9480C34BBF /* CDVReachability.m */,
				E14D3830C0F940ABBDF00A2F /* CDVConnection.h */,
				7A9F8F4237704157AEC85AA9 /* CDVReachability.h */,
				22619B6A542A486A98C7B22C /* CDVSplashScreen.m */,
				845E7DCE2B0F476BBFE314A0 /* CDVViewController+SplashScreen.m */,
				371793984CCF46CEBCEA957D /* CDVSplashScreen.h */,
				7572D1AAA09044D49BF32E6A /* CDVViewController+SplashScreen.h */,
				BA0D80EA9F2D46EB9E575EBD /* CDVStatusBar.m */,
				236B0316F5DB4571938CDEAA /* CDVStatusBar.h */,
				E10EBE500B924485A76725BD /* NSString+SSURLEncoding.m */,
				666081EBEB184DDEB276DE0B /* SocialSharing.m */,
				9FDF2FACF07B435597B3FB01 /* NSString+SSURLEncoding.h */,
				A58B55E5B9AC4292B35C85D3 /* SocialSharing.h */,
				DDA0499980C44167B4686808 /* Toast+UIView.m */,
				6413C97E300D40F0AE75BA6B /* Toast.m */,
				47211E5C864B488F84A6646B /* Toast+UIView.h */,
				6F0B8777B5E24BF6B1338DF7 /* Toast.h */,
				123B64FB0A6C4C529763749B /* SQLitePlugin.m */,
				717A9F31BCB747F1A272AE97 /* sqlite3.c */,
				42D7AB86B1364B73B08B06D0 /* SQLitePlugin.h */,
				2EDC185E26374A439467E128 /* sqlite3.h */,
				61A8D00531D74FE1958434B1 /* APPLocalNotification.m */,
				3E2AD3CC2B8D41F98B7847FF /* APPLocalNotificationOptions.m */,
				3A7E5986B8644C0F9B55E74C /* UIApplication+APPLocalNotification.m */,
				B58A79757FFA483091EE29FD /* UILocalNotification+APPLocalNotification.m */,
				983221A1DC954CC7B230C497 /* APPLocalNotification.h */,
				4513ABF5E91F483C87DA634B /* APPLocalNotificationOptions.h */,
				263F4003D7404A8BA522A909 /* UIApplication+APPLocalNotification.h */,
				F2693ACFB3A44D3C999FDC32 /* UILocalNotification+APPLocalNotification.h */,
				F4F1B26D6C584ECAA50C5A53 /* IonicKeyboard.m */,
				A33EB070959B4316B22254C5 /* IonicKeyboard.h */,
				9E1FFFDE06BC41DC8221CBAC /* CFCallNumber.m */,
				84D0FD397D3543F3B4C98E38 /* CFCallNumber.h */,
			);
			name = Plugins;
			path = ProjetVP/Plugins;
			sourceTree = SOURCE_ROOT;
		};
		EB87FDF11871DA420020F90C /* Staging */ = {
			isa = PBXGroup;
			children = (
				F840E1F0165FE0F500CFE078 /* config.xml */,
				301BF56E109A69640062928A /* www */,
			);
			name = Staging;
			sourceTree = "<group>";
		};
/* End PBXGroup section */

/* Begin PBXNativeTarget section */
		1D6058900D05DD3D006BFB54 /* ProjetVP */ = {
			isa = PBXNativeTarget;
			buildConfigurationList = 1D6058960D05DD3E006BFB54 /* Build configuration list for PBXNativeTarget "ProjetVP" */;
			buildPhases = (
				304B58A110DAC018002A0835 /* Copy www directory */,
				1D60588D0D05DD3D006BFB54 /* Resources */,
				1D60588E0D05DD3D006BFB54 /* Sources */,
				1D60588F0D05DD3D006BFB54 /* Frameworks */,
			);
			buildRules = (
			);
			dependencies = (
				301BF551109A68C00062928A /* PBXTargetDependency */,
			);
			name = ProjetVP;
			productName = ProjetVP;
			productReference = 1D6058910D05DD3D006BFB54 /* ProjetVP.app */;
			productType = "com.apple.product-type.application";
		};
/* End PBXNativeTarget section */

/* Begin PBXProject section */
		29B97313FDCFA39411CA2CEA /* Project object */ = {
			isa = PBXProject;
			attributes = {
				LastUpgradeCheck = 510;
				TargetAttributes = {
					1D6058900D05DD3D006BFB54 = {
						DevelopmentTeam = FFC35TQVCS;
					};
				};
			};
			buildConfigurationList = C01FCF4E08A954540054247B /* Build configuration list for PBXProject "ProjetVP" */;
			compatibilityVersion = "Xcode 3.2";
			developmentRegion = English;
			hasScannedForEncodings = 1;
			knownRegions = (
				en,
			);
			mainGroup = 29B97314FDCFA39411CA2CEA /* CustomTemplate */;
			projectDirPath = "";
			projectReferences = (
				{
					ProductGroup = 301BF52E109A57CC0062928A /* Products */;
					ProjectRef = 301BF52D109A57CC0062928A /* CordovaLib.xcodeproj */;
				},
			);
			projectRoot = "";
			targets = (
				1D6058900D05DD3D006BFB54 /* ProjetVP */,
			);
		};
/* End PBXProject section */

/* Begin PBXReferenceProxy section */
		301BF535109A57CC0062928A /* libCordova.a */ = {
			isa = PBXReferenceProxy;
			fileType = archive.ar;
			path = libCordova.a;
			remoteRef = 301BF534109A57CC0062928A /* PBXContainerItemProxy */;
			sourceTree = BUILT_PRODUCTS_DIR;
		};
/* End PBXReferenceProxy section */

/* Begin PBXResourcesBuildPhase section */
		1D60588D0D05DD3D006BFB54 /* Resources */ = {
			isa = PBXResourcesBuildPhase;
			buildActionMask = 2147483647;
			files = (
				302D95F214D2391D003F00A1 /* MainViewController.xib in Resources */,
				0207DA581B56EA530066E2B4 /* Images.xcassets in Resources */,
				6AFF5BF91D6E424B00AB3073 /* CDVLaunchScreen.storyboard in Resources */,
			);
			runOnlyForDeploymentPostprocessing = 0;
		};
/* End PBXResourcesBuildPhase section */

/* Begin PBXShellScriptBuildPhase section */
		304B58A110DAC018002A0835 /* Copy www directory */ = {
			isa = PBXShellScriptBuildPhase;
			buildActionMask = 2147483647;
			files = (
			);
			inputPaths = (
			);
			name = "Copy www directory";
			outputPaths = (
			);
			runOnlyForDeploymentPostprocessing = 0;
			shellPath = /bin/sh;
			shellScript = "NODEJS_PATH=/usr/local/bin; NVM_NODE_PATH=~/.nvm/versions/node/`nvm version 2>/dev/null`/bin; N_NODE_PATH=`find /usr/local/n/versions/node/* -maxdepth 0 -type d 2>/dev/null | tail -1`/bin; XCODE_NODE_PATH=`xcode-select --print-path`/usr/share/xcs/Node/bin; PATH=$NODEJS_PATH:$NVM_NODE_PATH:$N_NODE_PATH:$XCODE_NODE_PATH:$PATH && node cordova/lib/copy-www-build-step.js";
			showEnvVarsInLog = 0;
		};
/* End PBXShellScriptBuildPhase section */

/* Begin PBXSourcesBuildPhase section */
		1D60588E0D05DD3D006BFB54 /* Sources */ = {
			isa = PBXSourcesBuildPhase;
			buildActionMask = 2147483647;
			files = (
				1D60589B0D05DD56006BFB54 /* main.m in Sources */,
				1D3623260D0F684500981E51 /* AppDelegate.m in Sources */,
				302D95F114D2391D003F00A1 /* MainViewController.m in Sources */,
				E0BAA5FFD72346DF9B015C52 /* AppDelegate+APPAppEvent.m in Sources */,
				B919C8E6F0B2455684F68ABE /* CDVPlugin+APPAppEvent.m in Sources */,
				8A4ADA28733B4D0A85187A4A /* UIImage+CropScaleOrientation.m in Sources */,
				1E00ED25C644426DBA72F7CC /* CDVCamera.m in Sources */,
				57A8AD141D8246E9AB759026 /* CDVJpegHeaderWriter.m in Sources */,
				5CAE925F6E394E5386FF18C7 /* CDVLogger.m in Sources */,
				C6AF7BB0F4A245F089DC8C98 /* CDVDevice.m in Sources */,
				9106208302754997A6A728A1 /* CDVFile.m in Sources */,
				765AD552756B4E9AA76D2392 /* CDVLocalFilesystem.m in Sources */,
				EE90D44CEED7431FAAD1CEF0 /* CDVAssetLibraryFilesystem.m in Sources */,
				8F417C09E036446BAA56C31C /* CDVFileTransfer.m in Sources */,
				27D6806C4F6F46C493072916 /* CDVLocation.m in Sources */,
				2B66B2D262DA49FD925642C2 /* BackgroundTaskManager.m in Sources */,
				A7C5C6AD5FB441F8B48F1BE3 /* CDVBackgroundGeolocation.m in Sources */,
				4A2BE5D898C14678A0BE47D1 /* CocoaLumberjack.m in Sources */,
				D537CE99B4494F1491F013D0 /* Config.m in Sources */,
				1F12441330E34670BA6EFBEE /* FMDB.m in Sources */,
				841691398DFC46DBBC09F340 /* FMDBLogger.m in Sources */,
				46B720183FC84BCA8A6A481E /* GeolocationOpenHelper.m in Sources */,
				09BEC7F43143400089B8C6CD /* Location.m in Sources */,
				0D0892C56462411A97B3E405 /* LocationContract.m in Sources */,
				6FF0C0FE2D3A44AB962D0B87 /* LocationManager.m in Sources */,
				AD1FCB069D5B4994AF3D4175 /* LocationUploader.m in Sources */,
				B11750890C264C8E882F5A2B /* Logging.m in Sources */,
				DBE1577A91B146D3ACEC0A07 /* Reachability.m in Sources */,
				AD86F80A64024027B0F18197 /* SQLiteHelper.m in Sources */,
				80D17840926845A9A2FB6825 /* SQLiteLocationDAO.m in Sources */,
				4D6ECD1B02A545F9B3597D46 /* SQLiteOpenHelper.m in Sources */,
				6CCCEBE8348C4C45AE96C1F9 /* CDVConnection.m in Sources */,
				0B91B907B25245CEB0CA4EBA /* CDVReachability.m in Sources */,
				0ED1194300534E81A4C699FB /* CDVSplashScreen.m in Sources */,
				28FBF2928C5A437BBFFC5FC4 /* CDVViewController+SplashScreen.m in Sources */,
				3461792009234CC19218AA6B /* CDVStatusBar.m in Sources */,
				DBF8E05C6F2B4FF18491E5CE /* NSString+SSURLEncoding.m in Sources */,
				F2C952AAE2714BA49BF2C6DE /* SocialSharing.m in Sources */,
				1F3115E3383E4BA5AA9476A5 /* Toast+UIView.m in Sources */,
				E374944FF70443AE94F0676F /* Toast.m in Sources */,
				F85497181D6C42C89C5A460F /* SQLitePlugin.m in Sources */,
				49FF49908D484F0E8E69AA6D /* sqlite3.c in Sources */,
				B5B5BDACEE03411C94C9FC02 /* APPLocalNotification.m in Sources */,
				D67BB978494B49D3A9F1A2A6 /* APPLocalNotificationOptions.m in Sources */,
				B6DA619CBCA9445DBD9F47BF /* UIApplication+APPLocalNotification.m in Sources */,
				48CFE357FB814AEC87864B8F /* UILocalNotification+APPLocalNotification.m in Sources */,
				11885C97C5484947B69FF127 /* IonicKeyboard.m in Sources */,
				E9BE2A72A4B146F9B8F25E4A /* CFCallNumber.m in Sources */,
			);
			runOnlyForDeploymentPostprocessing = 0;
		};
/* End PBXSourcesBuildPhase section */

/* Begin PBXTargetDependency section */
		301BF551109A68C00062928A /* PBXTargetDependency */ = {
			isa = PBXTargetDependency;
			name = CordovaLib;
			targetProxy = 301BF550109A68C00062928A /* PBXContainerItemProxy */;
		};
/* End PBXTargetDependency section */

/* Begin XCBuildConfiguration section */
		1D6058940D05DD3E006BFB54 /* Debug */ = {
			isa = XCBuildConfiguration;
			baseConfigurationReference = 3047A50F1AB8059700498E2A /* build-debug.xcconfig */;
			buildSettings = {
				ALWAYS_SEARCH_USER_PATHS = NO;
				ASSETCATALOG_COMPILER_APPICON_NAME = AppIcon;
				ASSETCATALOG_COMPILER_LAUNCHIMAGE_NAME = LaunchImage;
				CLANG_ENABLE_MODULES = YES;
				CLANG_ENABLE_OBJC_ARC = YES;
				COPY_PHASE_STRIP = NO;
				DEVELOPMENT_TEAM = FFC35TQVCS;
				GCC_DYNAMIC_NO_PIC = NO;
				GCC_OPTIMIZATION_LEVEL = 0;
				GCC_PRECOMPILE_PREFIX_HEADER = YES;
				GCC_PREFIX_HEADER = "ProjetVP/ProjetVP-Prefix.pch";
				GCC_THUMB_SUPPORT = NO;
				GCC_VERSION = "";
				INFOPLIST_FILE = "ProjetVP/ProjetVP-Info.plist";
				IPHONEOS_DEPLOYMENT_TARGET = 8.0;
				LD_RUNPATH_SEARCH_PATHS = "@executable_path/Frameworks";
				PRODUCT_BUNDLE_IDENTIFIER = com.ionicframework.projetvp88080;
				PRODUCT_NAME = ProjetVP;
				TARGETED_DEVICE_FAMILY = "1,2";
			};
			name = Debug;
		};
		1D6058950D05DD3E006BFB54 /* Release */ = {
			isa = XCBuildConfiguration;
			baseConfigurationReference = 3047A5101AB8059700498E2A /* build-release.xcconfig */;
			buildSettings = {
				ALWAYS_SEARCH_USER_PATHS = NO;
				ASSETCATALOG_COMPILER_APPICON_NAME = AppIcon;
				ASSETCATALOG_COMPILER_LAUNCHIMAGE_NAME = LaunchImage;
				CLANG_ENABLE_MODULES = YES;
				CLANG_ENABLE_OBJC_ARC = YES;
				COPY_PHASE_STRIP = YES;
				DEVELOPMENT_TEAM = FFC35TQVCS;
				GCC_PRECOMPILE_PREFIX_HEADER = YES;
				GCC_PREFIX_HEADER = "ProjetVP/ProjetVP-Prefix.pch";
				GCC_THUMB_SUPPORT = NO;
				GCC_VERSION = "";
				INFOPLIST_FILE = "ProjetVP/ProjetVP-Info.plist";
				IPHONEOS_DEPLOYMENT_TARGET = 8.0;
				LD_RUNPATH_SEARCH_PATHS = "@executable_path/Frameworks";
				PRODUCT_BUNDLE_IDENTIFIER = com.ionicframework.projetvp88080;
				PRODUCT_NAME = ProjetVP;
				TARGETED_DEVICE_FAMILY = "1,2";
			};
			name = Release;
		};
		C01FCF4F08A954540054247B /* Debug */ = {
			isa = XCBuildConfiguration;
			baseConfigurationReference = 3047A5111AB8059700498E2A /* build.xcconfig */;
			buildSettings = {
				ASSETCATALOG_COMPILER_LAUNCHIMAGE_NAME = LaunchImage;
				CLANG_ENABLE_MODULES = YES;
				CLANG_ENABLE_OBJC_ARC = YES;
				CLANG_WARN_BOOL_CONVERSION = YES;
				CLANG_WARN_CONSTANT_CONVERSION = YES;
				CLANG_WARN_EMPTY_BODY = YES;
				CLANG_WARN_ENUM_CONVERSION = YES;
				CLANG_WARN_INT_CONVERSION = YES;
				CLANG_WARN__DUPLICATE_METHOD_MATCH = YES;
				GCC_C_LANGUAGE_STANDARD = c99;
				GCC_THUMB_SUPPORT = NO;
				GCC_VERSION = "";
				GCC_WARN_ABOUT_RETURN_TYPE = YES;
				GCC_WARN_UNDECLARED_SELECTOR = YES;
				GCC_WARN_UNINITIALIZED_AUTOS = YES;
				GCC_WARN_UNUSED_FUNCTION = YES;
				GCC_WARN_UNUSED_VARIABLE = YES;
				ONLY_ACTIVE_ARCH = YES;
				SDKROOT = iphoneos;
				SKIP_INSTALL = NO;
			};
			name = Debug;
		};
		C01FCF5008A954540054247B /* Release */ = {
			isa = XCBuildConfiguration;
			baseConfigurationReference = 3047A5111AB8059700498E2A /* build.xcconfig */;
			buildSettings = {
				ASSETCATALOG_COMPILER_LAUNCHIMAGE_NAME = LaunchImage;
				CLANG_ENABLE_MODULES = YES;
				CLANG_ENABLE_OBJC_ARC = YES;
				CLANG_WARN_BOOL_CONVERSION = YES;
				CLANG_WARN_CONSTANT_CONVERSION = YES;
				CLANG_WARN_EMPTY_BODY = YES;
				CLANG_WARN_ENUM_CONVERSION = YES;
				CLANG_WARN_INT_CONVERSION = YES;
				CLANG_WARN__DUPLICATE_METHOD_MATCH = YES;
				GCC_C_LANGUAGE_STANDARD = c99;
				GCC_THUMB_SUPPORT = NO;
				GCC_VERSION = "";
				GCC_WARN_ABOUT_RETURN_TYPE = YES;
				GCC_WARN_UNDECLARED_SELECTOR = YES;
				GCC_WARN_UNINITIALIZED_AUTOS = YES;
				GCC_WARN_UNUSED_FUNCTION = YES;
				GCC_WARN_UNUSED_VARIABLE = YES;
				SDKROOT = iphoneos;
				SKIP_INSTALL = NO;
			};
			name = Release;
		};
/* End XCBuildConfiguration section */

/* Begin XCConfigurationList section */
		1D6058960D05DD3E006BFB54 /* Build configuration list for PBXNativeTarget "ProjetVP" */ = {
			isa = XCConfigurationList;
			buildConfigurations = (
				1D6058940D05DD3E006BFB54 /* Debug */,
				1D6058950D05DD3E006BFB54 /* Release */,
			);
			defaultConfigurationIsVisible = 0;
			defaultConfigurationName = Release;
		};
		C01FCF4E08A954540054247B /* Build configuration list for PBXProject "ProjetVP" */ = {
			isa = XCConfigurationList;
			buildConfigurations = (
				C01FCF4F08A954540054247B /* Debug */,
				C01FCF5008A954540054247B /* Release */,
			);
			defaultConfigurationIsVisible = 0;
			defaultConfigurationName = Release;
		};
/* End XCConfigurationList section */
	};
	rootObject = 29B97313FDCFA39411CA2CEA /* Project object */;
}
